# THIS IS AN AUTOGENERATED FILE. DO NOT EDIT THIS FILE DIRECTLY.
# yarn lockfile v1


"@types/faker@^4.1.11":
  version "4.1.11"
  resolved "https://registry.yarnpkg.com/@types/faker/-/faker-4.1.11.tgz#07911f1a39aeeaeec71d8efa0f93ef0eeafd3462"
  integrity sha512-iL7khABWgMH53FDfQNYtbFDJXjM3G97KswtyVMUP9XBSt9c+33L1TsXI+mx+EgnoOcuSp12qZae6hLCxGcq7yg==

faker@4.1.x:
  version "4.1.0"
  resolved "https://registry.yarnpkg.com/faker/-/faker-4.1.0.tgz#1e45bbbecc6774b3c195fad2835109c6d748cc3f"
  integrity sha1-HkW7vsxndLPBlfrSg1EJxtdIzD8=
